
Microsoft Visual Studio Solution File, Format Version 12.00
# Visual Studio Version 17
VisualStudioVersion = 17.4.33205.214
MinimumVisualStudioVersion = 10.0.40219.1
Project("{FAE04EC0-301F-11D3-BF4B-00C04F79EFBC}") = "OpenSilverCurrentCulture.Browser", "OpenSilverCurrentCulture.Browser\OpenSilverCurrentCulture.Browser.csproj", "{8030AD14-A89E-42B1-907D-45904D1ABEA2}"
EndProject
Project("{FAE04EC0-301F-11D3-BF4B-00C04F79EFBC}") = "OpenSilverCurrentCulture", "OpenSilverCurrentCulture\OpenSilverCurrentCulture.csproj", "{086C39A1-5BCB-4339-909E-6D440D0E4444}"
EndProject
Project("{FAE04EC0-301F-11D3-BF4B-00C04F79EFBC}") = "OpenSilverCurrentCulture.Simulator", "OpenSilverCurrentCulture.Simulator\OpenSilverCurrentCulture.Simulator.csproj", "{BDF31B46-B77E-4D37-AD42-222517C2494F}"
EndProject
Global
	GlobalSection(SolutionConfigurationPlatforms) = preSolution
		Debug|Any CPU = Debug|Any CPU
		Release|Any CPU = Release|Any CPU
	EndGlobalSection
	GlobalSection(ProjectConfigurationPlatforms) = postSolution
		{8030AD14-A89E-42B1-907D-45904D1ABEA2}.Debug|Any CPU.ActiveCfg = Debug|Any CPU
		{8030AD14-A89E-42B1-907D-45904D1ABEA2}.Debug|Any CPU.Build.0 = Debug|Any CPU
		{8030AD14-A89E-42B1-907D-45904D1ABEA2}.Release|Any CPU.ActiveCfg = Release|Any CPU
		{8030AD14-A89E-42B1-907D-45904D1ABEA2}.Release|Any CPU.Build.0 = Release|Any CPU
		{086C39A1-5BCB-4339-909E-6D440D0E4444}.Debug|Any CPU.ActiveCfg = Debug|Any CPU
		{086C39A1-5BCB-4339-909E-6D440D0E4444}.Debug|Any CPU.Build.0 = Debug|Any CPU
		{086C39A1-5BCB-4339-909E-6D440D0E4444}.Release|Any CPU.ActiveCfg = Release|Any CPU
		{086C39A1-5BCB-4339-909E-6D440D0E4444}.Release|Any CPU.Build.0 = Release|Any CPU
		{BDF31B46-B77E-4D37-AD42-222517C2494F}.Debug|Any CPU.ActiveCfg = Debug|Any CPU
		{BDF31B46-B77E-4D37-AD42-222517C2494F}.Debug|Any CPU.Build.0 = Debug|Any CPU
		{BDF31B46-B77E-4D37-AD42-222517C2494F}.Release|Any CPU.ActiveCfg = Release|Any CPU
		{BDF31B46-B77E-4D37-AD42-222517C2494F}.Release|Any CPU.Build.0 = Release|Any CPU
	EndGlobalSection
	GlobalSection(SolutionProperties) = preSolution
		HideSolutionNode = FALSE
	EndGlobalSection
	GlobalSection(ExtensibilityGlobals) = postSolution
		SolutionGuid = {09972353-48C3-4461-A051-41B77A1E55E6}
	EndGlobalSection
EndGlobal
